{
  "name": "nextn",
  "version": "0.1.1",
  "lockfileVersion": 3,
  "requires": true,
  "packages": {
    "": {
      "name": "nextn",
      "version": "0.1.1",
      "dependencies": {
        "genkit": "^1.26.0",
        "@genkit-ai/googleai": "^1.26.0",
        "@genkit-ai/next": "^1.26.0",
        "next": "15.3.3",
        "react": "^18.3.1",
        "react-dom": "^18.3.1"
      },
      "devDependencies": {
        "genkit-cli": "^1.26.0"
      }
    },
    "node_modules/next": { "version": "15.3.3" },
    "node_modules/react": { "version": "18.3.1" },
    "node_modules/react-dom": { "version": "18.3.1" },
    "node_modules/genkit": { "version": "1.26.0" }
  }
}
