{
  "name": "nextn",
  "version": "0.1.1",
  "lockfileVersion": 3,
  "requires": true,
  "packages": {
    "": {
      "name": "nextn",
      "version": "0.1.1",
      "dependencies": {
        "genkit": "^1.26.0",
        "@genkit-ai/googleai": "^1.26.0",
        "@genkit-ai/next": "^1.26.0"
      }
    }
  }
}
